
Microsoft Visual Studio Solution File, Format Version 12.00
# Visual Studio Version 17
VisualStudioVersion = 17.14.36429.23
MinimumVisualStudioVersion = 10.0.40219.1
Project("{2150E333-8FDC-42A3-9474-1A3956D46DE8}") = "Task1", "Task1", "{02EA681E-C7D8-13C7-8484-4AC65E1B71E8}"
EndProject
Project("{FAE04EC0-301F-11D3-BF4B-00C04F79EFBC}") = "Tyuiu.NeldnerMK.Sprint2.Task1.V22", "Tyuiu.NeldnerMK.Sprint2.Task1.V22\Tyuiu.NeldnerMK.Sprint2.Task1.V22.csproj", "{F74789A5-04F6-4247-97DF-09F666BAC9A2}"
EndProject
Project("{FAE04EC0-301F-11D3-BF4B-00C04F79EFBC}") = "Tyuiu.NeldnerMK.Sprint2.Task1.V22.Lib", "Tyuiu.NeldnerMK.Sprint2.Task1.V22.Lib\Tyuiu.NeldnerMK.Sprint2.Task1.V22.Lib.csproj", "{A81F12F1-0296-44E1-8097-E065B7BA731A}"
EndProject
Project("{FAE04EC0-301F-11D3-BF4B-00C04F79EFBC}") = "Tyuiu.NeldnerMK.Sprint2.Task1.V22.Test", "Tyuiu.NeldnerMK.Sprint2.Task1.V22.Test\Tyuiu.NeldnerMK.Sprint2.Task1.V22.Test.csproj", "{3A6CD488-4B48-4969-9982-BB59E1F4154A}"
EndProject
Project("{2150E333-8FDC-42A3-9474-1A3956D46DE8}") = "Task2", "Task2", "{D2BE4392-7D97-445C-A014-E1362270C60C}"
EndProject
Project("{FAE04EC0-301F-11D3-BF4B-00C04F79EFBC}") = "Tyuiu.NeldnerMK.Sprint2.Task2.V6", "Tyuiu.NeldnerMK.Sprint2.Task2.V6\Tyuiu.NeldnerMK.Sprint2.Task2.V6.csproj", "{3FA0CD82-D70D-4E7A-810B-E9339BC86C1A}"
EndProject
Project("{FAE04EC0-301F-11D3-BF4B-00C04F79EFBC}") = "Tyuiu.NeldnerMK.Sprint2.Task2.V6.Lib", "Tyuiu.NeldnerMK.Sprint2.Task2.V6.Lib\Tyuiu.NeldnerMK.Sprint2.Task2.V6.Lib.csproj", "{78457E2A-724B-4390-AA65-E1E221CABBB3}"
EndProject
Project("{FAE04EC0-301F-11D3-BF4B-00C04F79EFBC}") = "Tyuiu.NeldnerMK.Sprint2.Task2.V6.Test", "Tyuiu.NeldnerMK.Sprint2.Task2.V6.Test\Tyuiu.NeldnerMK.Sprint2.Task2.V6.Test.csproj", "{59C9D084-AF91-4EE3-860D-44A471C6BD81}"
EndProject
Project("{2150E333-8FDC-42A3-9474-1A3956D46DE8}") = "Task3", "Task3", "{994290CE-54D4-4C73-929E-DD4019C52CF8}"
EndProject
Project("{FAE04EC0-301F-11D3-BF4B-00C04F79EFBC}") = "Tyuiu.NeldnerMK.Sprint2.Task3.V11", "Tyuiu.NeldnerMK.Sprint2.Task3.V11\Tyuiu.NeldnerMK.Sprint2.Task3.V11.csproj", "{7B90A0A1-F96F-437E-9B9F-D5929B80B91D}"
EndProject
Project("{FAE04EC0-301F-11D3-BF4B-00C04F79EFBC}") = "Tyuiu.NeldnerMK.Sprint2.Task3.V11.Lib", "Tyuiu.NeldnerMK.Sprint2.Task3.V11.Lib\Tyuiu.NeldnerMK.Sprint2.Task3.V11.Lib.csproj", "{8A4D0E6C-8FF6-41DC-BCA0-4EA898E360F1}"
EndProject
Project("{FAE04EC0-301F-11D3-BF4B-00C04F79EFBC}") = "Tyuiu.NeldnerMK.Sprint2.Task3.V11.Test", "Tyuiu.NeldnerMK.Sprint2.Task3.V11.Test\Tyuiu.NeldnerMK.Sprint2.Task3.V11.Test.csproj", "{F20001E8-3E8D-422C-8A4F-CFB2729CAFCC}"
EndProject
Project("{2150E333-8FDC-42A3-9474-1A3956D46DE8}") = "Task4", "Task4", "{0566CB87-3C0C-4DA8-938E-BCF2FE134D2B}"
EndProject
Project("{FAE04EC0-301F-11D3-BF4B-00C04F79EFBC}") = "Tyuiu.NeldnerMK.Sprint2.Task4.V6", "Tyuiu.NeldnerMK.Sprint2.Task4.V6\Tyuiu.NeldnerMK.Sprint2.Task4.V6.csproj", "{BC24169A-BBB4-4CE9-9E5D-251D5E7F7E78}"
EndProject
Project("{FAE04EC0-301F-11D3-BF4B-00C04F79EFBC}") = "Tyuiu.NeldnerMK.Sprint2.Task4.V6.Lib", "Tyuiu.NeldnerMK.Sprint2.Task4.V6.Lib\Tyuiu.NeldnerMK.Sprint2.Task4.V6.Lib.csproj", "{B986D19C-169E-42DF-A416-317D4188EA03}"
EndProject
Project("{FAE04EC0-301F-11D3-BF4B-00C04F79EFBC}") = "Tyuiu.NeldnerMK.Sprint2.Task4.V6.Test", "Tyuiu.NeldnerMK.Sprint2.Task4.V6.Test\Tyuiu.NeldnerMK.Sprint2.Task4.V6.Test.csproj", "{5CE81F93-5E29-407A-A47F-900A40428E46}"
EndProject
Project("{2150E333-8FDC-42A3-9474-1A3956D46DE8}") = "Task0", "Task0", "{A2709E9D-16CE-4263-ACE8-E74E9EE5B967}"
EndProject
Project("{FAE04EC0-301F-11D3-BF4B-00C04F79EFBC}") = "Tyuiu.NeldnerMK.Sprint2.Task0.V12", "Tyuiu.NeldnerMK.Sprint2.Task0.V12\Tyuiu.NeldnerMK.Sprint2.Task0.V12.csproj", "{CCC874D7-27DA-4089-8E77-9140241F4A4D}"
EndProject
Project("{FAE04EC0-301F-11D3-BF4B-00C04F79EFBC}") = "Tyuiu.NeldnerMK.Sprint2.Task0.V12.Lib", "Tyuiu.NeldnerMK.Sprint2.Task0.V12.Lib\Tyuiu.NeldnerMK.Sprint2.Task0.V12.Lib.csproj", "{9959CE43-8621-4E15-AC6B-5FA50743D92B}"
EndProject
Project("{FAE04EC0-301F-11D3-BF4B-00C04F79EFBC}") = "Tyuiu.NeldnerMK.Sprint2.Task0.V12.Test", "Tyuiu.NeldnerMK.Sprint2.Task0.V12.Test\Tyuiu.NeldnerMK.Sprint2.Task0.V12.Test.csproj", "{CED8B874-300F-47F1-A9D1-9745B5AB56DA}"
EndProject
Project("{2150E333-8FDC-42A3-9474-1A3956D46DE8}") = "Task5", "Task5", "{1FFFE5E5-E3F6-47AA-AB1E-07BD3F80E923}"
EndProject
Project("{FAE04EC0-301F-11D3-BF4B-00C04F79EFBC}") = "Tyuiu.NeldnerMK.Sprint2.Task5.V2", "Tyuiu.NeldnerMK.Sprint2.Task5.V2\Tyuiu.NeldnerMK.Sprint2.Task5.V2.csproj", "{3C64D1E6-B8D8-484F-998F-B284954084F5}"
EndProject
Project("{FAE04EC0-301F-11D3-BF4B-00C04F79EFBC}") = "Tyuiu.NeldnerMK.Sprint2.Task5.V2.Lib", "Tyuiu.NeldnerMK.Sprint2.Task5.V2.Lib\Tyuiu.NeldnerMK.Sprint2.Task5.V2.Lib.csproj", "{B7F4375F-9A50-4A32-9FF6-76B28EB1B956}"
EndProject
Project("{FAE04EC0-301F-11D3-BF4B-00C04F79EFBC}") = "Tyuiu.NeldnerMK.Sprint2.Task5.V2.Test", "Tyuiu.NeldnerMK.Sprint2.Task5.V2.Test\Tyuiu.NeldnerMK.Sprint2.Task5.V2.Test.csproj", "{8124243D-B5AB-40C6-859E-DF27C122C319}"
EndProject
Global
	GlobalSection(SolutionConfigurationPlatforms) = preSolution
		Debug|Any CPU = Debug|Any CPU
		Release|Any CPU = Release|Any CPU
	EndGlobalSection
	GlobalSection(ProjectConfigurationPlatforms) = postSolution
		{F74789A5-04F6-4247-97DF-09F666BAC9A2}.Debug|Any CPU.ActiveCfg = Debug|Any CPU
		{F74789A5-04F6-4247-97DF-09F666BAC9A2}.Debug|Any CPU.Build.0 = Debug|Any CPU
		{F74789A5-04F6-4247-97DF-09F666BAC9A2}.Release|Any CPU.ActiveCfg = Release|Any CPU
		{F74789A5-04F6-4247-97DF-09F666BAC9A2}.Release|Any CPU.Build.0 = Release|Any CPU
		{A81F12F1-0296-44E1-8097-E065B7BA731A}.Debug|Any CPU.ActiveCfg = Debug|Any CPU
		{A81F12F1-0296-44E1-8097-E065B7BA731A}.Debug|Any CPU.Build.0 = Debug|Any CPU
		{A81F12F1-0296-44E1-8097-E065B7BA731A}.Release|Any CPU.ActiveCfg = Release|Any CPU
		{A81F12F1-0296-44E1-8097-E065B7BA731A}.Release|Any CPU.Build.0 = Release|Any CPU
		{3A6CD488-4B48-4969-9982-BB59E1F4154A}.Debug|Any CPU.ActiveCfg = Debug|Any CPU
		{3A6CD488-4B48-4969-9982-BB59E1F4154A}.Debug|Any CPU.Build.0 = Debug|Any CPU
		{3A6CD488-4B48-4969-9982-BB59E1F4154A}.Release|Any CPU.ActiveCfg = Release|Any CPU
		{3A6CD488-4B48-4969-9982-BB59E1F4154A}.Release|Any CPU.Build.0 = Release|Any CPU
		{3FA0CD82-D70D-4E7A-810B-E9339BC86C1A}.Debug|Any CPU.ActiveCfg = Debug|Any CPU
		{3FA0CD82-D70D-4E7A-810B-E9339BC86C1A}.Debug|Any CPU.Build.0 = Debug|Any CPU
		{3FA0CD82-D70D-4E7A-810B-E9339BC86C1A}.Release|Any CPU.ActiveCfg = Release|Any CPU
		{3FA0CD82-D70D-4E7A-810B-E9339BC86C1A}.Release|Any CPU.Build.0 = Release|Any CPU
		{78457E2A-724B-4390-AA65-E1E221CABBB3}.Debug|Any CPU.ActiveCfg = Debug|Any CPU
		{78457E2A-724B-4390-AA65-E1E221CABBB3}.Debug|Any CPU.Build.0 = Debug|Any CPU
		{78457E2A-724B-4390-AA65-E1E221CABBB3}.Release|Any CPU.ActiveCfg = Release|Any CPU
		{78457E2A-724B-4390-AA65-E1E221CABBB3}.Release|Any CPU.Build.0 = Release|Any CPU
		{59C9D084-AF91-4EE3-860D-44A471C6BD81}.Debug|Any CPU.ActiveCfg = Debug|Any CPU
		{59C9D084-AF91-4EE3-860D-44A471C6BD81}.Debug|Any CPU.Build.0 = Debug|Any CPU
		{59C9D084-AF91-4EE3-860D-44A471C6BD81}.Release|Any CPU.ActiveCfg = Release|Any CPU
		{59C9D084-AF91-4EE3-860D-44A471C6BD81}.Release|Any CPU.Build.0 = Release|Any CPU
		{7B90A0A1-F96F-437E-9B9F-D5929B80B91D}.Debug|Any CPU.ActiveCfg = Debug|Any CPU
		{7B90A0A1-F96F-437E-9B9F-D5929B80B91D}.Debug|Any CPU.Build.0 = Debug|Any CPU
		{7B90A0A1-F96F-437E-9B9F-D5929B80B91D}.Release|Any CPU.ActiveCfg = Release|Any CPU
		{7B90A0A1-F96F-437E-9B9F-D5929B80B91D}.Release|Any CPU.Build.0 = Release|Any CPU
		{8A4D0E6C-8FF6-41DC-BCA0-4EA898E360F1}.Debug|Any CPU.ActiveCfg = Debug|Any CPU
		{8A4D0E6C-8FF6-41DC-BCA0-4EA898E360F1}.Debug|Any CPU.Build.0 = Debug|Any CPU
		{8A4D0E6C-8FF6-41DC-BCA0-4EA898E360F1}.Release|Any CPU.ActiveCfg = Release|Any CPU
		{8A4D0E6C-8FF6-41DC-BCA0-4EA898E360F1}.Release|Any CPU.Build.0 = Release|Any CPU
		{F20001E8-3E8D-422C-8A4F-CFB2729CAFCC}.Debug|Any CPU.ActiveCfg = Debug|Any CPU
		{F20001E8-3E8D-422C-8A4F-CFB2729CAFCC}.Debug|Any CPU.Build.0 = Debug|Any CPU
		{F20001E8-3E8D-422C-8A4F-CFB2729CAFCC}.Release|Any CPU.ActiveCfg = Release|Any CPU
		{F20001E8-3E8D-422C-8A4F-CFB2729CAFCC}.Release|Any CPU.Build.0 = Release|Any CPU
		{BC24169A-BBB4-4CE9-9E5D-251D5E7F7E78}.Debug|Any CPU.ActiveCfg = Debug|Any CPU
		{BC24169A-BBB4-4CE9-9E5D-251D5E7F7E78}.Debug|Any CPU.Build.0 = Debug|Any CPU
		{BC24169A-BBB4-4CE9-9E5D-251D5E7F7E78}.Release|Any CPU.ActiveCfg = Release|Any CPU
		{BC24169A-BBB4-4CE9-9E5D-251D5E7F7E78}.Release|Any CPU.Build.0 = Release|Any CPU
		{B986D19C-169E-42DF-A416-317D4188EA03}.Debug|Any CPU.ActiveCfg = Debug|Any CPU
		{B986D19C-169E-42DF-A416-317D4188EA03}.Debug|Any CPU.Build.0 = Debug|Any CPU
		{B986D19C-169E-42DF-A416-317D4188EA03}.Release|Any CPU.ActiveCfg = Release|Any CPU
		{B986D19C-169E-42DF-A416-317D4188EA03}.Release|Any CPU.Build.0 = Release|Any CPU
		{5CE81F93-5E29-407A-A47F-900A40428E46}.Debug|Any CPU.ActiveCfg = Debug|Any CPU
		{5CE81F93-5E29-407A-A47F-900A40428E46}.Debug|Any CPU.Build.0 = Debug|Any CPU
		{5CE81F93-5E29-407A-A47F-900A40428E46}.Release|Any CPU.ActiveCfg = Release|Any CPU
		{5CE81F93-5E29-407A-A47F-900A40428E46}.Release|Any CPU.Build.0 = Release|Any CPU
		{CCC874D7-27DA-4089-8E77-9140241F4A4D}.Debug|Any CPU.ActiveCfg = Debug|Any CPU
		{CCC874D7-27DA-4089-8E77-9140241F4A4D}.Debug|Any CPU.Build.0 = Debug|Any CPU
		{CCC874D7-27DA-4089-8E77-9140241F4A4D}.Release|Any CPU.ActiveCfg = Release|Any CPU
		{CCC874D7-27DA-4089-8E77-9140241F4A4D}.Release|Any CPU.Build.0 = Release|Any CPU
		{9959CE43-8621-4E15-AC6B-5FA50743D92B}.Debug|Any CPU.ActiveCfg = Debug|Any CPU
		{9959CE43-8621-4E15-AC6B-5FA50743D92B}.Debug|Any CPU.Build.0 = Debug|Any CPU
		{9959CE43-8621-4E15-AC6B-5FA50743D92B}.Release|Any CPU.ActiveCfg = Release|Any CPU
		{9959CE43-8621-4E15-AC6B-5FA50743D92B}.Release|Any CPU.Build.0 = Release|Any CPU
		{CED8B874-300F-47F1-A9D1-9745B5AB56DA}.Debug|Any CPU.ActiveCfg = Debug|Any CPU
		{CED8B874-300F-47F1-A9D1-9745B5AB56DA}.Debug|Any CPU.Build.0 = Debug|Any CPU
		{CED8B874-300F-47F1-A9D1-9745B5AB56DA}.Release|Any CPU.ActiveCfg = Release|Any CPU
		{CED8B874-300F-47F1-A9D1-9745B5AB56DA}.Release|Any CPU.Build.0 = Release|Any CPU
		{3C64D1E6-B8D8-484F-998F-B284954084F5}.Debug|Any CPU.ActiveCfg = Debug|Any CPU
		{3C64D1E6-B8D8-484F-998F-B284954084F5}.Debug|Any CPU.Build.0 = Debug|Any CPU
		{3C64D1E6-B8D8-484F-998F-B284954084F5}.Release|Any CPU.ActiveCfg = Release|Any CPU
		{3C64D1E6-B8D8-484F-998F-B284954084F5}.Release|Any CPU.Build.0 = Release|Any CPU
		{B7F4375F-9A50-4A32-9FF6-76B28EB1B956}.Debug|Any CPU.ActiveCfg = Debug|Any CPU
		{B7F4375F-9A50-4A32-9FF6-76B28EB1B956}.Debug|Any CPU.Build.0 = Debug|Any CPU
		{B7F4375F-9A50-4A32-9FF6-76B28EB1B956}.Release|Any CPU.ActiveCfg = Release|Any CPU
		{B7F4375F-9A50-4A32-9FF6-76B28EB1B956}.Release|Any CPU.Build.0 = Release|Any CPU
		{8124243D-B5AB-40C6-859E-DF27C122C319}.Debug|Any CPU.ActiveCfg = Debug|Any CPU
		{8124243D-B5AB-40C6-859E-DF27C122C319}.Debug|Any CPU.Build.0 = Debug|Any CPU
		{8124243D-B5AB-40C6-859E-DF27C122C319}.Release|Any CPU.ActiveCfg = Release|Any CPU
		{8124243D-B5AB-40C6-859E-DF27C122C319}.Release|Any CPU.Build.0 = Release|Any CPU
	EndGlobalSection
	GlobalSection(SolutionProperties) = preSolution
		HideSolutionNode = FALSE
	EndGlobalSection
	GlobalSection(NestedProjects) = preSolution
		{F74789A5-04F6-4247-97DF-09F666BAC9A2} = {02EA681E-C7D8-13C7-8484-4AC65E1B71E8}
		{A81F12F1-0296-44E1-8097-E065B7BA731A} = {02EA681E-C7D8-13C7-8484-4AC65E1B71E8}
		{3A6CD488-4B48-4969-9982-BB59E1F4154A} = {02EA681E-C7D8-13C7-8484-4AC65E1B71E8}
		{3FA0CD82-D70D-4E7A-810B-E9339BC86C1A} = {D2BE4392-7D97-445C-A014-E1362270C60C}
		{78457E2A-724B-4390-AA65-E1E221CABBB3} = {D2BE4392-7D97-445C-A014-E1362270C60C}
		{59C9D084-AF91-4EE3-860D-44A471C6BD81} = {D2BE4392-7D97-445C-A014-E1362270C60C}
		{7B90A0A1-F96F-437E-9B9F-D5929B80B91D} = {994290CE-54D4-4C73-929E-DD4019C52CF8}
		{8A4D0E6C-8FF6-41DC-BCA0-4EA898E360F1} = {994290CE-54D4-4C73-929E-DD4019C52CF8}
		{F20001E8-3E8D-422C-8A4F-CFB2729CAFCC} = {994290CE-54D4-4C73-929E-DD4019C52CF8}
		{BC24169A-BBB4-4CE9-9E5D-251D5E7F7E78} = {0566CB87-3C0C-4DA8-938E-BCF2FE134D2B}
		{B986D19C-169E-42DF-A416-317D4188EA03} = {0566CB87-3C0C-4DA8-938E-BCF2FE134D2B}
		{5CE81F93-5E29-407A-A47F-900A40428E46} = {0566CB87-3C0C-4DA8-938E-BCF2FE134D2B}
		{CCC874D7-27DA-4089-8E77-9140241F4A4D} = {A2709E9D-16CE-4263-ACE8-E74E9EE5B967}
		{9959CE43-8621-4E15-AC6B-5FA50743D92B} = {A2709E9D-16CE-4263-ACE8-E74E9EE5B967}
		{CED8B874-300F-47F1-A9D1-9745B5AB56DA} = {A2709E9D-16CE-4263-ACE8-E74E9EE5B967}
		{3C64D1E6-B8D8-484F-998F-B284954084F5} = {1FFFE5E5-E3F6-47AA-AB1E-07BD3F80E923}
		{B7F4375F-9A50-4A32-9FF6-76B28EB1B956} = {1FFFE5E5-E3F6-47AA-AB1E-07BD3F80E923}
		{8124243D-B5AB-40C6-859E-DF27C122C319} = {1FFFE5E5-E3F6-47AA-AB1E-07BD3F80E923}
	EndGlobalSection
	GlobalSection(ExtensibilityGlobals) = postSolution
		SolutionGuid = {A8E86CC7-5E25-4629-91D2-B50907B736DE}
	EndGlobalSection
EndGlobal
